
Microsoft Visual Studio Solution File, Format Version 12.00
# Visual Studio 15
VisualStudioVersion = 15.0.28010.2036
MinimumVisualStudioVersion = 10.0.40219.1
Project("{9A19103F-16F7-4668-BE54-9A1E7A4F7556}") = "Tools", "Tools\Tools.csproj", "{249B03A3-D6F3-4963-9D55-83D22D6F9295}"
EndProject
Project("{FAE04EC0-301F-11D3-BF4B-00C04F79EFBC}") = "UnitTestCLTools", "UnitTestCLTools\UnitTestCLTools.csproj", "{BBF8A655-E3CD-45A3-8286-012A4C335DFF}"
	ProjectSection(ProjectDependencies) = postProject
		{249B03A3-D6F3-4963-9D55-83D22D6F9295} = {249B03A3-D6F3-4963-9D55-83D22D6F9295}
	EndProjectSection
EndProject
Global
	GlobalSection(SolutionConfigurationPlatforms) = preSolution
		Debug|Any CPU = Debug|Any CPU
		Release|Any CPU = Release|Any CPU
	EndGlobalSection
	GlobalSection(ProjectConfigurationPlatforms) = postSolution
		{249B03A3-D6F3-4963-9D55-83D22D6F9295}.Debug|Any CPU.ActiveCfg = Debug|Any CPU
		{249B03A3-D6F3-4963-9D55-83D22D6F9295}.Debug|Any CPU.Build.0 = Debug|Any CPU
		{249B03A3-D6F3-4963-9D55-83D22D6F9295}.Release|Any CPU.ActiveCfg = Release|Any CPU
		{249B03A3-D6F3-4963-9D55-83D22D6F9295}.Release|Any CPU.Build.0 = Release|Any CPU
		{BBF8A655-E3CD-45A3-8286-012A4C335DFF}.Debug|Any CPU.ActiveCfg = Debug|Any CPU
		{BBF8A655-E3CD-45A3-8286-012A4C335DFF}.Debug|Any CPU.Build.0 = Debug|Any CPU
		{BBF8A655-E3CD-45A3-8286-012A4C335DFF}.Release|Any CPU.ActiveCfg = Release|Any CPU
		{BBF8A655-E3CD-45A3-8286-012A4C335DFF}.Release|Any CPU.Build.0 = Release|Any CPU
	EndGlobalSection
	GlobalSection(SolutionProperties) = preSolution
		HideSolutionNode = FALSE
	EndGlobalSection
	GlobalSection(ExtensibilityGlobals) = postSolution
		SolutionGuid = {055ED9E1-4B35-4E99-AA2B-2BB50E1C66E1}
	EndGlobalSection
EndGlobal
